// !$*UTF8*$!
{
	archiveVersion = 1;
	classes = {
	};
	objectVersion = 55;
	objects = {

/* Begin PBXBuildFile section */
		A268E38B28C8E68C00198D35 /* Qatar_CompleteApp.swift in Sources */ = {isa = PBXBuildFile; fileRef = A268E38A28C8E68C00198D35 /* Qatar_CompleteApp.swift */; };
		A268E38D28C8E68C00198D35 /* ContentView.swift in Sources */ = {isa = PBXBuildFile; fileRef = A268E38C28C8E68C00198D35 /* ContentView.swift */; };
		A268E38F28C8E68E00198D35 /* Assets.xcassets in Resources */ = {isa = PBXBuildFile; fileRef = A268E38E28C8E68E00198D35 /* Assets.xcassets */; };
		A268E39228C8E68E00198D35 /* Preview Assets.xcassets in Resources */ = {isa = PBXBuildFile; fileRef = A268E39128C8E68E00198D35 /* Preview Assets.xcassets */; };
		A268E39C28C8E68E00198D35 /* Qatar_CompleteTests.swift in Sources */ = {isa = PBXBuildFile; fileRef = A268E39B28C8E68E00198D35 /* Qatar_CompleteTests.swift */; };
		A268E3A628C8E68E00198D35 /* Qatar_CompleteUITests.swift in Sources */ = {isa = PBXBuildFile; fileRef = A268E3A528C8E68E00198D35 /* Qatar_CompleteUITests.swift */; };
		A268E3A828C8E68E00198D35 /* Qatar_CompleteUITestsLaunchTests.swift in Sources */ = {isa = PBXBuildFile; fileRef = A268E3A728C8E68E00198D35 /* Qatar_CompleteUITestsLaunchTests.swift */; };
/* End PBXBuildFile section */

/* Begin PBXContainerItemProxy section */
		A268E39828C8E68E00198D35 /* PBXContainerItemProxy */ = {
			isa = PBXContainerItemProxy;
			containerPortal = A268E37F28C8E68C00198D35 /* Project object */;
			proxyType = 1;
			remoteGlobalIDString = A268E38628C8E68C00198D35;
			remoteInfo = "Qatar Complete";
		};
		A268E3A228C8E68E00198D35 /* PBXContainerItemProxy */ = {
			isa = PBXContainerItemProxy;
			containerPortal = A268E37F28C8E68C00198D35 /* Project object */;
			proxyType = 1;
			remoteGlobalIDString = A268E38628C8E68C00198D35;
			remoteInfo = "Qatar Complete";
		};
/* End PBXContainerItemProxy section */

/* Begin PBXFileReference section */
		A268E38728C8E68C00198D35 /* Qatar Complete.app */ = {isa = PBXFileReference; explicitFileType = wrapper.application; includeInIndex = 0; path = "Qatar Complete.app"; sourceTree = BUILT_PRODUCTS_DIR; };
		A268E38A28C8E68C00198D35 /* Qatar_CompleteApp.swift */ = {isa = PBXFileReference; lastKnownFileType = sourcecode.swift; path = Qatar_CompleteApp.swift; sourceTree = "<group>"; };
		A268E38C28C8E68C00198D35 /* ContentView.swift */ = {isa = PBXFileReference; lastKnownFileType = sourcecode.swift; path = ContentView.swift; sourceTree = "<group>"; };
		A268E38E28C8E68E00198D35 /* Assets.xcassets */ = {isa = PBXFileReference; lastKnownFileType = folder.assetcatalog; path = Assets.xcassets; sourceTree = "<group>"; };
		A268E39128C8E68E00198D35 /* Preview Assets.xcassets */ = {isa = PBXFileReference; lastKnownFileType = folder.assetcatalog; path = "Preview Assets.xcassets"; sourceTree = "<group>"; };
		A268E39728C8E68E00198D35 /* Qatar CompleteTests.xctest */ = {isa = PBXFileReference; explicitFileType = wrapper.cfbundle; includeInIndex = 0; path = "Qatar CompleteTests.xctest"; sourceTree = BUILT_PRODUCTS_DIR; };
		A268E39B28C8E68E00198D35 /* Qatar_CompleteTests.swift */ = {isa = PBXFileReference; lastKnownFileType = sourcecode.swift; path = Qatar_CompleteTests.swift; sourceTree = "<group>"; };
		A268E3A128C8E68E00198D35 /* Qatar CompleteUITests.xctest */ = {isa = PBXFileReference; explicitFileType = wrapper.cfbundle; includeInIndex = 0; path = "Qatar CompleteUITests.xctest"; sourceTree = BUILT_PRODUCTS_DIR; };
		A268E3A528C8E68E00198D35 /* Qatar_CompleteUITests.swift */ = {isa = PBXFileReference; lastKnownFileType = sourcecode.swift; path = Qatar_CompleteUITests.swift; sourceTree = "<group>"; };
		A268E3A728C8E68E00198D35 /* Qatar_CompleteUITestsLaunchTests.swift */ = {isa = PBXFileReference; lastKnownFileType = sourcecode.swift; path = Qatar_CompleteUITestsLaunchTests.swift; sourceTree = "<group>"; };
/* End PBXFileReference section */

/* Begin PBXFrameworksBuildPhase section */
		A268E38428C8E68C00198D35 /* Frameworks */ = {
			isa = PBXFrameworksBuildPhase;
			buildActionMask = 2147483647;
			files = (
			);
			runOnlyForDeploymentPostprocessing = 0;
		};
		A268E39428C8E68E00198D35 /* Frameworks */ = {
			isa = PBXFrameworksBuildPhase;
			buildActionMask = 2147483647;
			files = (
			);
			runOnlyForDeploymentPostprocessing = 0;
		};
		A268E39E28C8E68E00198D35 /* Frameworks */ = {
			isa = PBXFrameworksBuildPhase;
			buildActionMask = 2147483647;
			files = (
			);
			runOnlyForDeploymentPostprocessing = 0;
		};
/* End PBXFrameworksBuildPhase section */

/* Begin PBXGroup section */
		A268E37E28C8E68C00198D35 = {
			isa = PBXGroup;
			children = (
				A268E38928C8E68C00198D35 /* Qatar Complete */,
				A268E39A28C8E68E00198D35 /* Qatar CompleteTests */,
				A268E3A428C8E68E00198D35 /* Qatar CompleteUITests */,
				A268E38828C8E68C00198D35 /* Products */,
			);
			sourceTree = "<group>";
		};
		A268E38828C8E68C00198D35 /* Products */ = {
			isa = PBXGroup;
			children = (
				A268E38728C8E68C00198D35 /* Qatar Complete.app */,
				A268E39728C8E68E00198D35 /* Qatar CompleteTests.xctest */,
				A268E3A128C8E68E00198D35 /* Qatar CompleteUITests.xctest */,
			);
			name = Products;
			sourceTree = "<group>";
		};
		A268E38928C8E68C00198D35 /* Qatar Complete */ = {
			isa = PBXGroup;
			children = (
				A268E38A28C8E68C00198D35 /* Qatar_CompleteApp.swift */,
				A268E38C28C8E68C00198D35 /* ContentView.swift */,
				A268E38E28C8E68E00198D35 /* Assets.xcassets */,
				A268E39028C8E68E00198D35 /* Preview Content */,
			);
			path = "Qatar Complete";
			sourceTree = "<group>";
		};
		A268E39028C8E68E00198D35 /* Preview Content */ = {
			isa = PBXGroup;
			children = (
				A268E39128C8E68E00198D35 /* Preview Assets.xcassets */,
			);
			path = "Preview Content";
			sourceTree = "<group>";
		};
		A268E39A28C8E68E00198D35 /* Qatar CompleteTests */ = {
			isa = PBXGroup;
			children = (
				A268E39B28C8E68E00198D35 /* Qatar_CompleteTests.swift */,
			);
			path = "Qatar CompleteTests";
			sourceTree = "<group>";
		};
		A268E3A428C8E68E00198D35 /* Qatar CompleteUITests */ = {
			isa = PBXGroup;
			children = (
				A268E3A528C8E68E00198D35 /* Qatar_CompleteUITests.swift */,
				A268E3A728C8E68E00198D35 /* Qatar_CompleteUITestsLaunchTests.swift */,
			);
			path = "Qatar CompleteUITests";
			sourceTree = "<group>";
		};
/* End PBXGroup section */

/* Begin PBXNativeTarget section */
		A268E38628C8E68C00198D35 /* Qatar Complete */ = {
			isa = PBXNativeTarget;
			buildConfigurationList = A268E3AB28C8E68E00198D35 /* Build configuration list for PBXNativeTarget "Qatar Complete" */;
			buildPhases = (
				A268E38328C8E68C00198D35 /* Sources */,
				A268E38428C8E68C00198D35 /* Frameworks */,
				A268E38528C8E68C00198D35 /* Resources */,
			);
			buildRules = (
			);
			dependencies = (
			);
			name = "Qatar Complete";
			productName = "Qatar Complete";
			productReference = A268E38728C8E68C00198D35 /* Qatar Complete.app */;
			productType = "com.apple.product-type.application";
		};
		A268E39628C8E68E00198D35 /* Qatar CompleteTests */ = {
			isa = PBXNativeTarget;
			buildConfigurationList = A268E3AE28C8E68E00198D35 /* Build configuration list for PBXNativeTarget "Qatar CompleteTests" */;
			buildPhases = (
				A268E39328C8E68E00198D35 /* Sources */,
				A268E39428C8E68E00198D35 /* Frameworks */,
				A268E39528C8E68E00198D35 /* Resources */,
			);
			buildRules = (
			);
			dependencies = (
				A268E39928C8E68E00198D35 /* PBXTargetDependency */,
			);
			name = "Qatar CompleteTests";
			productName = "Qatar CompleteTests";
			productReference = A268E39728C8E68E00198D35 /* Qatar CompleteTests.xctest */;
			productType = "com.apple.product-type.bundle.unit-test";
		};
		A268E3A028C8E68E00198D35 /* Qatar CompleteUITests */ = {
			isa = PBXNativeTarget;
			buildConfigurationList = A268E3B128C8E68E00198D35 /* Build configuration list for PBXNativeTarget "Qatar CompleteUITests" */;
			buildPhases = (
				A268E39D28C8E68E00198D35 /* Sources */,
				A268E39E28C8E68E00198D35 /* Frameworks */,
				A268E39F28C8E68E00198D35 /* Resources */,
			);
			buildRules = (
			);
			dependencies = (
				A268E3A328C8E68E00198D35 /* PBXTargetDependency */,
			);
			name = "Qatar CompleteUITests";
			productName = "Qatar CompleteUITests";
			productReference = A268E3A128C8E68E00198D35 /* Qatar CompleteUITests.xctest */;
			productType = "com.apple.product-type.bundle.ui-testing";
		};
/* End PBXNativeTarget section */

/* Begin PBXProject section */
		A268E37F28C8E68C00198D35 /* Project object */ = {
			isa = PBXProject;
			attributes = {
				BuildIndependentTargetsInParallel = 1;
				LastSwiftUpdateCheck = 1320;
				LastUpgradeCheck = 1320;
				TargetAttributes = {
					A268E38628C8E68C00198D35 = {
						CreatedOnToolsVersion = 13.2.1;
					};
					A268E39628C8E68E00198D35 = {
						CreatedOnToolsVersion = 13.2.1;
						TestTargetID = A268E38628C8E68C00198D35;
					};
					A268E3A028C8E68E00198D35 = {
						CreatedOnToolsVersion = 13.2.1;
						TestTargetID = A268E38628C8E68C00198D35;
					};
				};
			};
			buildConfigurationList = A268E38228C8E68C00198D35 /* Build configuration list for PBXProject "Qatar Complete" */;
			compatibilityVersion = "Xcode 13.0";
			developmentRegion = en;
			hasScannedForEncodings = 0;
			knownRegions = (
				en,
				Base,
			);
			mainGroup = A268E37E28C8E68C00198D35;
			productRefGroup = A268E38828C8E68C00198D35 /* Products */;
			projectDirPath = "";
			projectRoot = "";
			targets = (
				A268E38628C8E68C00198D35 /* Qatar Complete */,
				A268E39628C8E68E00198D35 /* Qatar CompleteTests */,
				A268E3A028C8E68E00198D35 /* Qatar CompleteUITests */,
			);
		};
/* End PBXProject section */

/* Begin PBXResourcesBuildPhase section */
		A268E38528C8E68C00198D35 /* Resources */ = {
			isa = PBXResourcesBuildPhase;
			buildActionMask = 2147483647;
			files = (
				A268E39228C8E68E00198D35 /* Preview Assets.xcassets in Resources */,
				A268E38F28C8E68E00198D35 /* Assets.xcassets in Resources */,
			);
			runOnlyForDeploymentPostprocessing = 0;
		};
		A268E39528C8E68E00198D35 /* Resources */ = {
			isa = PBXResourcesBuildPhase;
			buildActionMask = 2147483647;
			files = (
			);
			runOnlyForDeploymentPostprocessing = 0;
		};
		A268E39F28C8E68E00198D35 /* Resources */ = {
			isa = PBXResourcesBuildPhase;
			buildActionMask = 2147483647;
			files = (
			);
			runOnlyForDeploymentPostprocessing = 0;
		};
/* End PBXResourcesBuildPhase section */

/* Begin PBXSourcesBuildPhase section */
		A268E38328C8E68C00198D35 /* Sources */ = {
			isa = PBXSourcesBuildPhase;
			buildActionMask = 2147483647;
			files = (
				A268E38D28C8E68C00198D35 /* ContentView.swift in Sources */,
				A268E38B28C8E68C00198D35 /* Qatar_CompleteApp.swift in Sources */,
			);
			runOnlyForDeploymentPostprocessing = 0;
		};
		A268E39328C8E68E00198D35 /* Sources */ = {
			isa = PBXSourcesBuildPhase;
			buildActionMask = 2147483647;
			files = (
				A268E39C28C8E68E00198D35 /* Qatar_CompleteTests.swift in Sources */,
			);
			runOnlyForDeploymentPostprocessing = 0;
		};
		A268E39D28C8E68E00198D35 /* Sources */ = {
			isa = PBXSourcesBuildPhase;
			buildActionMask = 2147483647;
			files = (
				A268E3A628C8E68E00198D35 /* Qatar_CompleteUITests.swift in Sources */,
				A268E3A828C8E68E00198D35 /* Qatar_CompleteUITestsLaunchTests.swift in Sources */,
			);
			runOnlyForDeploymentPostprocessing = 0;
		};
/* End PBXSourcesBuildPhase section */

/* Begin PBXTargetDependency section */
		A268E39928C8E68E00198D35 /* PBXTargetDependency */ = {
			isa = PBXTargetDependency;
			target = A268E38628C8E68C00198D35 /* Qatar Complete */;
			targetProxy = A268E39828C8E68E00198D35 /* PBXContainerItemProxy */;
		};
		A268E3A328C8E68E00198D35 /* PBXTargetDependency */ = {
			isa = PBXTargetDependency;
			target = A268E38628C8E68C00198D35 /* Qatar Complete */;
			targetProxy = A268E3A228C8E68E00198D35 /* PBXContainerItemProxy */;
		};
/* End PBXTargetDependency section */

/* Begin XCBuildConfiguration section */
		A268E3A928C8E68E00198D35 /* Debug */ = {
			isa = XCBuildConfiguration;
			buildSettings = {
				ALWAYS_SEARCH_USER_PATHS = NO;
				CLANG_ANALYZER_NONNULL = YES;
				CLANG_ANALYZER_NUMBER_OBJECT_CONVERSION = YES_AGGRESSIVE;
				CLANG_CXX_LANGUAGE_STANDARD = "gnu++17";
				CLANG_CXX_LIBRARY = "libc++";
				CLANG_ENABLE_MODULES = YES;
				CLANG_ENABLE_OBJC_ARC = YES;
				CLANG_ENABLE_OBJC_WEAK = YES;
				CLANG_WARN_BLOCK_CAPTURE_AUTORELEASING = YES;
				CLANG_WARN_BOOL_CONVERSION = YES;
				CLANG_WARN_COMMA = YES;
				CLANG_WARN_CONSTANT_CONVERSION = YES;
				CLANG_WARN_DEPRECATED_OBJC_IMPLEMENTATIONS = YES;
				CLANG_WARN_DIRECT_OBJC_ISA_USAGE = YES_ERROR;
				CLANG_WARN_DOCUMENTATION_COMMENTS = YES;
				CLANG_WARN_EMPTY_BODY = YES;
				CLANG_WARN_ENUM_CONVERSION = YES;
				CLANG_WARN_INFINITE_RECURSION = YES;
				CLANG_WARN_INT_CONVERSION = YES;
				CLANG_WARN_NON_LITERAL_NULL_CONVERSION = YES;
				CLANG_WARN_OBJC_IMPLICIT_RETAIN_SELF = YES;
				CLANG_WARN_OBJC_LITERAL_CONVERSION = YES;
				CLANG_WARN_OBJC_ROOT_CLASS = YES_ERROR;
				CLANG_WARN_QUOTED_INCLUDE_IN_FRAMEWORK_HEADER = YES;
				CLANG_WARN_RANGE_LOOP_ANALYSIS = YES;
				CLANG_WARN_STRICT_PROTOTYPES = YES;
				CLANG_WARN_SUSPICIOUS_MOVE = YES;
				CLANG_WARN_UNGUARDED_AVAILABILITY = YES_AGGRESSIVE;
				CLANG_WARN_UNREACHABLE_CODE = YES;
				CLANG_WARN__DUPLICATE_METHOD_MATCH = YES;
				COPY_PHASE_STRIP = NO;
				DEBUG_INFORMATION_FORMAT = dwarf;
				ENABLE_STRICT_OBJC_MSGSEND = YES;
				ENABLE_TESTABILITY = YES;
				GCC_C_LANGUAGE_STANDARD = gnu11;
				GCC_DYNAMIC_NO_PIC = NO;
				GCC_NO_COMMON_BLOCKS = YES;
				GCC_OPTIMIZATION_LEVEL = 0;
				GCC_PREPROCESSOR_DEFINITIONS = (
					"DEBUG=1",
					"$(inherited)",
				);
				GCC_WARN_64_TO_32_BIT_CONVERSION = YES;
				GCC_WARN_ABOUT_RETURN_TYPE = YES_ERROR;
				GCC_WARN_UNDECLARED_SELECTOR = YES;
				GCC_WARN_UNINITIALIZED_AUTOS = YES_AGGRESSIVE;
				GCC_WARN_UNUSED_FUNCTION = YES;
				GCC_WARN_UNUSED_VARIABLE = YES;
				IPHONEOS_DEPLOYMENT_TARGET = 15.2;
				MTL_ENABLE_DEBUG_INFO = INCLUDE_SOURCE;
				MTL_FAST_MATH = YES;
				ONLY_ACTIVE_ARCH = YES;
				SDKROOT = iphoneos;
				SWIFT_ACTIVE_COMPILATION_CONDITIONS = DEBUG;
				SWIFT_OPTIMIZATION_LEVEL = "-Onone";
			};
			name = Debug;
		};
		A268E3AA28C8E68E00198D35 /* Release */ = {
			isa = XCBuildConfiguration;
			buildSettings = {
				ALWAYS_SEARCH_USER_PATHS = NO;
				CLANG_ANALYZER_NONNULL = YES;
				CLANG_ANALYZER_NUMBER_OBJECT_CONVERSION = YES_AGGRESSIVE;
				CLANG_CXX_LANGUAGE_STANDARD = "gnu++17";
				CLANG_CXX_LIBRARY = "libc++";
				CLANG_ENABLE_MODULES = YES;
				CLANG_ENABLE_OBJC_ARC = YES;
				CLANG_ENABLE_OBJC_WEAK = YES;
				CLANG_WARN_BLOCK_CAPTURE_AUTORELEASING = YES;
				CLANG_WARN_BOOL_CONVERSION = YES;
				CLANG_WARN_COMMA = YES;
				CLANG_WARN_CONSTANT_CONVERSION = YES;
				CLANG_WARN_DEPRECATED_OBJC_IMPLEMENTATIONS = YES;
				CLANG_WARN_DIRECT_OBJC_ISA_USAGE = YES_ERROR;
				CLANG_WARN_DOCUMENTATION_COMMENTS = YES;
				CLANG_WARN_EMPTY_BODY = YES;
				CLANG_WARN_ENUM_CONVERSION = YES;
				CLANG_WARN_INFINITE_RECURSION = YES;
				CLANG_WARN_INT_CONVERSION = YES;
				CLANG_WARN_NON_LITERAL_NULL_CONVERSION = YES;
				CLANG_WARN_OBJC_IMPLICIT_RETAIN_SELF = YES;
				CLANG_WARN_OBJC_LITERAL_CONVERSION = YES;
				CLANG_WARN_OBJC_ROOT_CLASS = YES_ERROR;
				CLANG_WARN_QUOTED_INCLUDE_IN_FRAMEWORK_HEADER = YES;
				CLANG_WARN_RANGE_LOOP_ANALYSIS = YES;
				CLANG_WARN_STRICT_PROTOTYPES = YES;
				CLANG_WARN_SUSPICIOUS_MOVE = YES;
				CLANG_WARN_UNGUARDED_AVAILABILITY = YES_AGGRESSIVE;
				CLANG_WARN_UNREACHABLE_CODE = YES;
				CLANG_WARN__DUPLICATE_METHOD_MATCH = YES;
				COPY_PHASE_STRIP = NO;
				DEBUG_INFORMATION_FORMAT = "dwarf-with-dsym";
				ENABLE_NS_ASSERTIONS = NO;
				ENABLE_STRICT_OBJC_MSGSEND = YES;
				GCC_C_LANGUAGE_STANDARD = gnu11;
				GCC_NO_COMMON_BLOCKS = YES;
				GCC_WARN_64_TO_32_BIT_CONVERSION = YES;
				GCC_WARN_ABOUT_RETURN_TYPE = YES_ERROR;
				GCC_WARN_UNDECLARED_SELECTOR = YES;
				GCC_WARN_UNINITIALIZED_AUTOS = YES_AGGRESSIVE;
				GCC_WARN_UNUSED_FUNCTION = YES;
				GCC_WARN_UNUSED_VARIABLE = YES;
				IPHONEOS_DEPLOYMENT_TARGET = 15.2;
				MTL_ENABLE_DEBUG_INFO = NO;
				MTL_FAST_MATH = YES;
				SDKROOT = iphoneos;
				SWIFT_COMPILATION_MODE = wholemodule;
				SWIFT_OPTIMIZATION_LEVEL = "-O";
				VALIDATE_PRODUCT = YES;
			};
			name = Release;
		};
		A268E3AC28C8E68E00198D35 /* Debug */ = {
			isa = XCBuildConfiguration;
			buildSettings = {
				ASSETCATALOG_COMPILER_APPICON_NAME = AppIcon;
				ASSETCATALOG_COMPILER_GLOBAL_ACCENT_COLOR_NAME = AccentColor;
				CODE_SIGN_STYLE = Automatic;
				CURRENT_PROJECT_VERSION = 1;
				DEVELOPMENT_ASSET_PATHS = "\"Qatar Complete/Preview Content\"";
				DEVELOPMENT_TEAM = ZN47MN3UTZ;
				ENABLE_PREVIEWS = YES;
				GENERATE_INFOPLIST_FILE = YES;
				INFOPLIST_KEY_UIApplicationSceneManifest_Generation = YES;
				INFOPLIST_KEY_UIApplicationSupportsIndirectInputEvents = YES;
				INFOPLIST_KEY_UILaunchScreen_Generation = YES;
				INFOPLIST_KEY_UISupportedInterfaceOrientations_iPad = "UIInterfaceOrientationPortrait UIInterfaceOrientationPortraitUpsideDown UIInterfaceOrientationLandscapeLeft UIInterfaceOrientationLandscapeRight";
				INFOPLIST_KEY_UISupportedInterfaceOrientations_iPhone = "UIInterfaceOrientationPortrait UIInterfaceOrientationLandscapeLeft UIInterfaceOrientationLandscapeRight";
				LD_RUNPATH_SEARCH_PATHS = (
					"$(inherited)",
					"@executable_path/Frameworks",
				);
				MARKETING_VERSION = 1.0;
				PRODUCT_BUNDLE_IDENTIFIER = "zaqui.Qatar-Complete";
				PRODUCT_NAME = "$(TARGET_NAME)";
				SWIFT_EMIT_LOC_STRINGS = YES;
				SWIFT_VERSION = 5.0;
				TARGETED_DEVICE_FAMILY = "1,2";
			};
			name = Debug;
		};
		A268E3AD28C8E68E00198D35 /* Release */ = {
			isa = XCBuildConfiguration;
			buildSettings = {
				ASSETCATALOG_COMPILER_APPICON_NAME = AppIcon;
				ASSETCATALOG_COMPILER_GLOBAL_ACCENT_COLOR_NAME = AccentColor;
				CODE_SIGN_STYLE = Automatic;
				CURRENT_PROJECT_VERSION = 1;
				DEVELOPMENT_ASSET_PATHS = "\"Qatar Complete/Preview Content\"";
				DEVELOPMENT_TEAM = ZN47MN3UTZ;
				ENABLE_PREVIEWS = YES;
				GENERATE_INFOPLIST_FILE = YES;
				INFOPLIST_KEY_UIApplicationSceneManifest_Generation = YES;
				INFOPLIST_KEY_UIApplicationSupportsIndirectInputEvents = YES;
				INFOPLIST_KEY_UILaunchScreen_Generation = YES;
				INFOPLIST_KEY_UISupportedInterfaceOrientations_iPad = "UIInterfaceOrientationPortrait UIInterfaceOrientationPortraitUpsideDown UIInterfaceOrientationLandscapeLeft UIInterfaceOrientationLandscapeRight";
				INFOPLIST_KEY_UISupportedInterfaceOrientations_iPhone = "UIInterfaceOrientationPortrait UIInterfaceOrientationLandscapeLeft UIInterfaceOrientationLandscapeRight";
				LD_RUNPATH_SEARCH_PATHS = (
					"$(inherited)",
					"@executable_path/Frameworks",
				);
				MARKETING_VERSION = 1.0;
				PRODUCT_BUNDLE_IDENTIFIER = "zaqui.Qatar-Complete";
				PRODUCT_NAME = "$(TARGET_NAME)";
				SWIFT_EMIT_LOC_STRINGS = YES;
				SWIFT_VERSION = 5.0;
				TARGETED_DEVICE_FAMILY = "1,2";
			};
			name = Release;
		};
		A268E3AF28C8E68E00198D35 /* Debug */ = {
			isa = XCBuildConfiguration;
			buildSettings = {
				ALWAYS_EMBED_SWIFT_STANDARD_LIBRARIES = YES;
				BUNDLE_LOADER = "$(TEST_HOST)";
				CODE_SIGN_STYLE = Automatic;
				CURRENT_PROJECT_VERSION = 1;
				DEVELOPMENT_TEAM = ZN47MN3UTZ;
				GENERATE_INFOPLIST_FILE = YES;
				IPHONEOS_DEPLOYMENT_TARGET = 15.2;
				MARKETING_VERSION = 1.0;
				PRODUCT_BUNDLE_IDENTIFIER = "zaqui.Qatar-CompleteTests";
				PRODUCT_NAME = "$(TARGET_NAME)";
				SWIFT_EMIT_LOC_STRINGS = NO;
				SWIFT_VERSION = 5.0;
				TARGETED_DEVICE_FAMILY = "1,2";
				TEST_HOST = "$(BUILT_PRODUCTS_DIR)/Qatar Complete.app/Qatar Complete";
			};
			name = Debug;
		};
		A268E3B028C8E68E00198D35 /* Release */ = {
			isa = XCBuildConfiguration;
			buildSettings = {
				ALWAYS_EMBED_SWIFT_STANDARD_LIBRARIES = YES;
				BUNDLE_LOADER = "$(TEST_HOST)";
				CODE_SIGN_STYLE = Automatic;
				CURRENT_PROJECT_VERSION = 1;
				DEVELOPMENT_TEAM = ZN47MN3UTZ;
				GENERATE_INFOPLIST_FILE = YES;
				IPHONEOS_DEPLOYMENT_TARGET = 15.2;
				MARKETING_VERSION = 1.0;
				PRODUCT_BUNDLE_IDENTIFIER = "zaqui.Qatar-CompleteTests";
				PRODUCT_NAME = "$(TARGET_NAME)";
				SWIFT_EMIT_LOC_STRINGS = NO;
				SWIFT_VERSION = 5.0;
				TARGETED_DEVICE_FAMILY = "1,2";
				TEST_HOST = "$(BUILT_PRODUCTS_DIR)/Qatar Complete.app/Qatar Complete";
			};
			name = Release;
		};
		A268E3B228C8E68E00198D35 /* Debug */ = {
			isa = XCBuildConfiguration;
			buildSettings = {
				ALWAYS_EMBED_SWIFT_STANDARD_LIBRARIES = YES;
				CODE_SIGN_STYLE = Automatic;
				CURRENT_PROJECT_VERSION = 1;
				DEVELOPMENT_TEAM = ZN47MN3UTZ;
				GENERATE_INFOPLIST_FILE = YES;
				MARKETING_VERSION = 1.0;
				PRODUCT_BUNDLE_IDENTIFIER = "zaqui.Qatar-CompleteUITests";
				PRODUCT_NAME = "$(TARGET_NAME)";
				SWIFT_EMIT_LOC_STRINGS = NO;
				SWIFT_VERSION = 5.0;
				TARGETED_DEVICE_FAMILY = "1,2";
				TEST_TARGET_NAME = "Qatar Complete";
			};
			name = Debug;
		};
		A268E3B328C8E68E00198D35 /* Release */ = {
			isa = XCBuildConfiguration;
			buildSettings = {
				ALWAYS_EMBED_SWIFT_STANDARD_LIBRARIES = YES;
				CODE_SIGN_STYLE = Automatic;
				CURRENT_PROJECT_VERSION = 1;
				DEVELOPMENT_TEAM = ZN47MN3UTZ;
				GENERATE_INFOPLIST_FILE = YES;
				MARKETING_VERSION = 1.0;
				PRODUCT_BUNDLE_IDENTIFIER = "zaqui.Qatar-CompleteUITests";
				PRODUCT_NAME = "$(TARGET_NAME)";
				SWIFT_EMIT_LOC_STRINGS = NO;
				SWIFT_VERSION = 5.0;
				TARGETED_DEVICE_FAMILY = "1,2";
				TEST_TARGET_NAME = "Qatar Complete";
			};
			name = Release;
		};
/* End XCBuildConfiguration section */

/* Begin XCConfigurationList section */
		A268E38228C8E68C00198D35 /* Build configuration list for PBXProject "Qatar Complete" */ = {
			isa = XCConfigurationList;
			buildConfigurations = (
				A268E3A928C8E68E00198D35 /* Debug */,
				A268E3AA28C8E68E00198D35 /* Release */,
			);
			defaultConfigurationIsVisible = 0;
			defaultConfigurationName = Release;
		};
		A268E3AB28C8E68E00198D35 /* Build configuration list for PBXNativeTarget "Qatar Complete" */ = {
			isa = XCConfigurationList;
			buildConfigurations = (
				A268E3AC28C8E68E00198D35 /* Debug */,
				A268E3AD28C8E68E00198D35 /* Release */,
			);
			defaultConfigurationIsVisible = 0;
			defaultConfigurationName = Release;
		};
		A268E3AE28C8E68E00198D35 /* Build configuration list for PBXNativeTarget "Qatar CompleteTests" */ = {
			isa = XCConfigurationList;
			buildConfigurations = (
				A268E3AF28C8E68E00198D35 /* Debug */,
				A268E3B028C8E68E00198D35 /* Release */,
			);
			defaultConfigurationIsVisible = 0;
			defaultConfigurationName = Release;
		};
		A268E3B128C8E68E00198D35 /* Build configuration list for PBXNativeTarget "Qatar CompleteUITests" */ = {
			isa = XCConfigurationList;
			buildConfigurations = (
				A268E3B228C8E68E00198D35 /* Debug */,
				A268E3B328C8E68E00198D35 /* Release */,
			);
			defaultConfigurationIsVisible = 0;
			defaultConfigurationName = Release;
		};
/* End XCConfigurationList section */
	};
	rootObject = A268E37F28C8E68C00198D35 /* Project object */;
}
